
Microsoft Visual Studio Solution File, Format Version 12.00
# Visual Studio 15
VisualStudioVersion = 15.0.28307.271
MinimumVisualStudioVersion = 10.0.40219.1
Project("{FAE04EC0-301F-11D3-BF4B-00C04F79EFBC}") = "Atique", "Atique\Atique.csproj", "{125CD548-8B7D-459D-A613-2C6D3FF9F150}"
EndProject
Project("{FAE04EC0-301F-11D3-BF4B-00C04F79EFBC}") = "DataAccessService", "DataAccessService\DataAccessService.csproj", "{E175604E-7CB7-437A-9931-93D81059E5D7}"
EndProject
Project("{FAE04EC0-301F-11D3-BF4B-00C04F79EFBC}") = "Payment", "Payment\Payment.csproj", "{3AF3E147-C3B3-48FB-A9DE-1DA459F991C7}"
EndProject
Project("{FAE04EC0-301F-11D3-BF4B-00C04F79EFBC}") = "Extensions", "Extensions\Extensions.csproj", "{42DAF8CD-0BF6-40A5-8115-F717FFE4DBEE}"
EndProject
Project("{FAE04EC0-301F-11D3-BF4B-00C04F79EFBC}") = "FileProcessing", "FileProcessing\FileProcessing.csproj", "{522E5527-3B38-4F8B-B373-2F7B29F637D2}"
EndProject
Global
	GlobalSection(SolutionConfigurationPlatforms) = preSolution
		Debug|Any CPU = Debug|Any CPU
		Release|Any CPU = Release|Any CPU
	EndGlobalSection
	GlobalSection(ProjectConfigurationPlatforms) = postSolution
		{125CD548-8B7D-459D-A613-2C6D3FF9F150}.Debug|Any CPU.ActiveCfg = Debug|Any CPU
		{125CD548-8B7D-459D-A613-2C6D3FF9F150}.Debug|Any CPU.Build.0 = Debug|Any CPU
		{125CD548-8B7D-459D-A613-2C6D3FF9F150}.Release|Any CPU.ActiveCfg = Release|Any CPU
		{125CD548-8B7D-459D-A613-2C6D3FF9F150}.Release|Any CPU.Build.0 = Release|Any CPU
		{E175604E-7CB7-437A-9931-93D81059E5D7}.Debug|Any CPU.ActiveCfg = Debug|Any CPU
		{E175604E-7CB7-437A-9931-93D81059E5D7}.Debug|Any CPU.Build.0 = Debug|Any CPU
		{E175604E-7CB7-437A-9931-93D81059E5D7}.Release|Any CPU.ActiveCfg = Release|Any CPU
		{E175604E-7CB7-437A-9931-93D81059E5D7}.Release|Any CPU.Build.0 = Release|Any CPU
		{3AF3E147-C3B3-48FB-A9DE-1DA459F991C7}.Debug|Any CPU.ActiveCfg = Debug|Any CPU
		{3AF3E147-C3B3-48FB-A9DE-1DA459F991C7}.Debug|Any CPU.Build.0 = Debug|Any CPU
		{3AF3E147-C3B3-48FB-A9DE-1DA459F991C7}.Release|Any CPU.ActiveCfg = Release|Any CPU
		{3AF3E147-C3B3-48FB-A9DE-1DA459F991C7}.Release|Any CPU.Build.0 = Release|Any CPU
		{42DAF8CD-0BF6-40A5-8115-F717FFE4DBEE}.Debug|Any CPU.ActiveCfg = Debug|Any CPU
		{42DAF8CD-0BF6-40A5-8115-F717FFE4DBEE}.Debug|Any CPU.Build.0 = Debug|Any CPU
		{42DAF8CD-0BF6-40A5-8115-F717FFE4DBEE}.Release|Any CPU.ActiveCfg = Release|Any CPU
		{42DAF8CD-0BF6-40A5-8115-F717FFE4DBEE}.Release|Any CPU.Build.0 = Release|Any CPU
		{522E5527-3B38-4F8B-B373-2F7B29F637D2}.Debug|Any CPU.ActiveCfg = Debug|Any CPU
		{522E5527-3B38-4F8B-B373-2F7B29F637D2}.Debug|Any CPU.Build.0 = Debug|Any CPU
		{522E5527-3B38-4F8B-B373-2F7B29F637D2}.Release|Any CPU.ActiveCfg = Release|Any CPU
		{522E5527-3B38-4F8B-B373-2F7B29F637D2}.Release|Any CPU.Build.0 = Release|Any CPU
	EndGlobalSection
	GlobalSection(SolutionProperties) = preSolution
		HideSolutionNode = FALSE
	EndGlobalSection
	GlobalSection(ExtensibilityGlobals) = postSolution
		SolutionGuid = {F0AC25EA-DAB0-45CC-A48C-A13D8754701E}
	EndGlobalSection
EndGlobal
